
Microsoft Visual Studio Solution File, Format Version 12.00
# Visual Studio 14
VisualStudioVersion = 14.0.25123.0
MinimumVisualStudioVersion = 10.0.40219.1
Project("{FAE04EC0-301F-11D3-BF4B-00C04F79EFBC}") = "ProteoformSuiteGUI", "PS_0.00\ProteoformSuiteGUI.csproj", "{90952C10-9060-4E42-AA1C-DC4BBE6A2FFF}"
EndProject
Project("{FAE04EC0-301F-11D3-BF4B-00C04F79EFBC}") = "ProteoformSuiteInternal", "ProteoformSuiteInternal\ProteoformSuiteInternal.csproj", "{6B27B6E2-8EFF-43C9-8582-F6224CA9AFC1}"
EndProject
Project("{FAE04EC0-301F-11D3-BF4B-00C04F79EFBC}") = "Test", "Test\Test.csproj", "{4C22C2BB-E7D0-4F3D-9E98-1B076570439C}"
EndProject
Global
	GlobalSection(SolutionConfigurationPlatforms) = preSolution
		Debug|Any CPU = Debug|Any CPU
		Release|Any CPU = Release|Any CPU
	EndGlobalSection
	GlobalSection(ProjectConfigurationPlatforms) = postSolution
		{90952C10-9060-4E42-AA1C-DC4BBE6A2FFF}.Debug|Any CPU.ActiveCfg = Debug|Any CPU
		{90952C10-9060-4E42-AA1C-DC4BBE6A2FFF}.Debug|Any CPU.Build.0 = Debug|Any CPU
		{90952C10-9060-4E42-AA1C-DC4BBE6A2FFF}.Release|Any CPU.ActiveCfg = Release|Any CPU
		{90952C10-9060-4E42-AA1C-DC4BBE6A2FFF}.Release|Any CPU.Build.0 = Release|Any CPU
		{6B27B6E2-8EFF-43C9-8582-F6224CA9AFC1}.Debug|Any CPU.ActiveCfg = Debug|Any CPU
		{6B27B6E2-8EFF-43C9-8582-F6224CA9AFC1}.Debug|Any CPU.Build.0 = Debug|Any CPU
		{6B27B6E2-8EFF-43C9-8582-F6224CA9AFC1}.Release|Any CPU.ActiveCfg = Release|Any CPU
		{6B27B6E2-8EFF-43C9-8582-F6224CA9AFC1}.Release|Any CPU.Build.0 = Release|Any CPU
		{4C22C2BB-E7D0-4F3D-9E98-1B076570439C}.Debug|Any CPU.ActiveCfg = Debug|Any CPU
		{4C22C2BB-E7D0-4F3D-9E98-1B076570439C}.Debug|Any CPU.Build.0 = Debug|Any CPU
		{4C22C2BB-E7D0-4F3D-9E98-1B076570439C}.Release|Any CPU.ActiveCfg = Release|Any CPU
		{4C22C2BB-E7D0-4F3D-9E98-1B076570439C}.Release|Any CPU.Build.0 = Release|Any CPU
	EndGlobalSection
	GlobalSection(SolutionProperties) = preSolution
		HideSolutionNode = FALSE
	EndGlobalSection
EndGlobal
